
Microsoft Visual Studio Solution File, Format Version 12.00
# Visual Studio Version 17
VisualStudioVersion = 17.7.34202.233
MinimumVisualStudioVersion = 10.0.40219.1
Project("{FAE04EC0-301F-11D3-BF4B-00C04F79EFBC}") = "OMDB", "OMDB\OMDB.csproj", "{6F1D2A7A-C655-4EEE-BBDD-AF2E771892DD}"
EndProject
Global
	GlobalSection(SolutionConfigurationPlatforms) = preSolution
		Debug|Any CPU = Debug|Any CPU
		Release|Any CPU = Release|Any CPU
	EndGlobalSection
	GlobalSection(ProjectConfigurationPlatforms) = postSolution
		{6F1D2A7A-C655-4EEE-BBDD-AF2E771892DD}.Debug|Any CPU.ActiveCfg = Debug|Any CPU
		{6F1D2A7A-C655-4EEE-BBDD-AF2E771892DD}.Debug|Any CPU.Build.0 = Debug|Any CPU
		{6F1D2A7A-C655-4EEE-BBDD-AF2E771892DD}.Release|Any CPU.ActiveCfg = Release|Any CPU
		{6F1D2A7A-C655-4EEE-BBDD-AF2E771892DD}.Release|Any CPU.Build.0 = Release|Any CPU
	EndGlobalSection
	GlobalSection(SolutionProperties) = preSolution
		HideSolutionNode = FALSE
	EndGlobalSection
	GlobalSection(ExtensibilityGlobals) = postSolution
		SolutionGuid = {0861FAF0-2F83-477D-8AB6-385FAE0CD018}
	EndGlobalSection
EndGlobal
