
Microsoft Visual Studio Solution File, Format Version 12.00
# Visual Studio Version 17
VisualStudioVersion = 17.6.33723.286
MinimumVisualStudioVersion = 10.0.40219.1
Project("{FAE04EC0-301F-11D3-BF4B-00C04F79EFBC}") = "Lab1-NumberAnalyzer", "Lab1-NumberAnalyzer\Lab1-NumberAnalyzer.csproj", "{95C851DC-BAEC-418B-9C91-621DA6EFAE99}"
EndProject
Global
	GlobalSection(SolutionConfigurationPlatforms) = preSolution
		Debug|Any CPU = Debug|Any CPU
		Release|Any CPU = Release|Any CPU
	EndGlobalSection
	GlobalSection(ProjectConfigurationPlatforms) = postSolution
		{95C851DC-BAEC-418B-9C91-621DA6EFAE99}.Debug|Any CPU.ActiveCfg = Debug|Any CPU
		{95C851DC-BAEC-418B-9C91-621DA6EFAE99}.Debug|Any CPU.Build.0 = Debug|Any CPU
		{95C851DC-BAEC-418B-9C91-621DA6EFAE99}.Release|Any CPU.ActiveCfg = Release|Any CPU
		{95C851DC-BAEC-418B-9C91-621DA6EFAE99}.Release|Any CPU.Build.0 = Release|Any CPU
	EndGlobalSection
	GlobalSection(SolutionProperties) = preSolution
		HideSolutionNode = FALSE
	EndGlobalSection
	GlobalSection(ExtensibilityGlobals) = postSolution
		SolutionGuid = {7FCE8122-B1A0-4038-97BA-AE3C12740DD3}
	EndGlobalSection
EndGlobal
