
Microsoft Visual Studio Solution File, Format Version 12.00
# Visual Studio Version 17
VisualStudioVersion = 17.7.34202.233
MinimumVisualStudioVersion = 10.0.40219.1
Project("{FAE04EC0-301F-11D3-BF4B-00C04F79EFBC}") = "PauperReddit", "PauperReddit\PauperReddit.csproj", "{7FA17B36-D0D8-4F05-BDD9-4989B8E1AC27}"
EndProject
Global
	GlobalSection(SolutionConfigurationPlatforms) = preSolution
		Debug|Any CPU = Debug|Any CPU
		Release|Any CPU = Release|Any CPU
	EndGlobalSection
	GlobalSection(ProjectConfigurationPlatforms) = postSolution
		{7FA17B36-D0D8-4F05-BDD9-4989B8E1AC27}.Debug|Any CPU.ActiveCfg = Debug|Any CPU
		{7FA17B36-D0D8-4F05-BDD9-4989B8E1AC27}.Debug|Any CPU.Build.0 = Debug|Any CPU
		{7FA17B36-D0D8-4F05-BDD9-4989B8E1AC27}.Release|Any CPU.ActiveCfg = Release|Any CPU
		{7FA17B36-D0D8-4F05-BDD9-4989B8E1AC27}.Release|Any CPU.Build.0 = Release|Any CPU
	EndGlobalSection
	GlobalSection(SolutionProperties) = preSolution
		HideSolutionNode = FALSE
	EndGlobalSection
	GlobalSection(ExtensibilityGlobals) = postSolution
		SolutionGuid = {3DE4DEC9-70BC-47EE-850E-472AB17FDB0F}
	EndGlobalSection
EndGlobal
