
Microsoft Visual Studio Solution File, Format Version 12.00
# Visual Studio Version 17
VisualStudioVersion = 17.6.33723.286
MinimumVisualStudioVersion = 10.0.40219.1
Project("{FAE04EC0-301F-11D3-BF4B-00C04F79EFBC}") = "Lab9-CircleObjects", "Lab9-CircleObjects\Lab9-CircleObjects.csproj", "{BD74B938-7D37-4595-B92C-603FEF944265}"
EndProject
Global
	GlobalSection(SolutionConfigurationPlatforms) = preSolution
		Debug|Any CPU = Debug|Any CPU
		Release|Any CPU = Release|Any CPU
	EndGlobalSection
	GlobalSection(ProjectConfigurationPlatforms) = postSolution
		{BD74B938-7D37-4595-B92C-603FEF944265}.Debug|Any CPU.ActiveCfg = Debug|Any CPU
		{BD74B938-7D37-4595-B92C-603FEF944265}.Debug|Any CPU.Build.0 = Debug|Any CPU
		{BD74B938-7D37-4595-B92C-603FEF944265}.Release|Any CPU.ActiveCfg = Release|Any CPU
		{BD74B938-7D37-4595-B92C-603FEF944265}.Release|Any CPU.Build.0 = Release|Any CPU
	EndGlobalSection
	GlobalSection(SolutionProperties) = preSolution
		HideSolutionNode = FALSE
	EndGlobalSection
	GlobalSection(ExtensibilityGlobals) = postSolution
		SolutionGuid = {0B3110CB-6DA2-4645-A949-BE64E599EA9B}
	EndGlobalSection
EndGlobal
